// !$*UTF8*$!
{
	archiveVersion = 1;
	classes = {
	};
	objectVersion = 77;
	objects = {

/* Begin PBXBuildFile section */
		089359C4D2B805E077C674C7 /* LoseScreenView.swift in Sources */ = {isa = PBXBuildFile; fileRef = D2CCF2001D26F435BD4F437E /* LoseScreenView.swift */; };
		0A0FA9214358FB0851D69424 /* WinScreenView.swift in Sources */ = {isa = PBXBuildFile; fileRef = B10EFCC2D4094740940E40BA /* WinScreenView.swift */; };
		1726143491F7B599683DFCD8 /* SudokuEngine.swift in Sources */ = {isa = PBXBuildFile; fileRef = 3C888EF30EC69E5CCD23F685 /* SudokuEngine.swift */; };
		1CEA4AD0F539A8F46F815EAC /* GameCenterManager.swift in Sources */ = {isa = PBXBuildFile; fileRef = D7B70116407782179275FE99 /* GameCenterManager.swift */; };
		2016B849A2DCBB7187F84DB8 /* ContentView.swift in Sources */ = {isa = PBXBuildFile; fileRef = 336003ADD5BA9ED5B4FCBACE /* ContentView.swift */; };
		20BF373D007D303C7EBB7BE7 /* Assets.xcassets in Resources */ = {isa = PBXBuildFile; fileRef = E2B8111C142D1E948BAC29F9 /* Assets.xcassets */; };
		24C83EF57C69F2E8557BD8C7 /* GameHistoryView.swift in Sources */ = {isa = PBXBuildFile; fileRef = 6250D7B32A775F934DF31B82 /* GameHistoryView.swift */; };
		2C6528C1F6B245F937841280 /* GridView.swift in Sources */ = {isa = PBXBuildFile; fileRef = 7C655A4BF5C47359EC66D564 /* GridView.swift */; };
		4CECE306A043227CB3C8D756 /* GameHistoryManager.swift in Sources */ = {isa = PBXBuildFile; fileRef = 4E48F51C8F39E07F64BDBCBE /* GameHistoryManager.swift */; };
		5474199DD268AB4DF3A6D1A6 /* GameView.swift in Sources */ = {isa = PBXBuildFile; fileRef = B98B31F0CE963EC1CD01AA8D /* GameView.swift */; };
		5CBC1342779C18CFFAFE10CE /* SudokuTests.swift in Sources */ = {isa = PBXBuildFile; fileRef = 0A28959A14E32CB59282036E /* SudokuTests.swift */; };
		8B6258CC4DD4621086F43E90 /* StatsView.swift in Sources */ = {isa = PBXBuildFile; fileRef = 4996D6E89188CCEE2DDA0882 /* StatsView.swift */; };
		8F58F1844AF9B1EC4DF04668 /* GameModels.swift in Sources */ = {isa = PBXBuildFile; fileRef = BC9BD24D8389D483E341F48E /* GameModels.swift */; };
		9AD301DFD06C2A485D1E3FB2 /* ScreenshotTests.swift in Sources */ = {isa = PBXBuildFile; fileRef = 72D2019C8C304B8C26519CC6 /* ScreenshotTests.swift */; };
		9C35A44E74CBB456859B96EB /* SettingsView.swift in Sources */ = {isa = PBXBuildFile; fileRef = 5F81857F69ADEC8F76D93DF3 /* SettingsView.swift */; };
		A626DCB6ED68AED72A8CC9A3 /* CellView.swift in Sources */ = {isa = PBXBuildFile; fileRef = 556003B084CE300A72D65DBD /* CellView.swift */; };
		AB97975A72144224CD906808 /* PrivacyInfo.xcprivacy in Resources */ = {isa = PBXBuildFile; fileRef = 3B899CF657A96412F1220E34 /* PrivacyInfo.xcprivacy */; };
		B463F4C229827901EA86A192 /* SudokuApp.swift in Sources */ = {isa = PBXBuildFile; fileRef = FE1F7E4A124E1E6523353A9A /* SudokuApp.swift */; };
		B99C366A95303857F1451367 /* GameViewModel.swift in Sources */ = {isa = PBXBuildFile; fileRef = 736AF9623BB91E6B9ED3CBD2 /* GameViewModel.swift */; };
		E3D566CB81AA0EC9502D4FAA /* PuzzleCache.swift in Sources */ = {isa = PBXBuildFile; fileRef = 6699671B041E2B1C69B1DE3D /* PuzzleCache.swift */; };
		EE711ADDBB80B24E8C434E8F /* GameHistory.swift in Sources */ = {isa = PBXBuildFile; fileRef = 1AC7D55AB62B5A336FC308A8 /* GameHistory.swift */; };
		FF049CC7B162486907B6338F /* GameManager.swift in Sources */ = {isa = PBXBuildFile; fileRef = B778D4F8E525013FE40E3C47 /* GameManager.swift */; };
		FFDAC89D9AE5F86EA0F1B996 /* NumberPadView.swift in Sources */ = {isa = PBXBuildFile; fileRef = 5845121794317A59FF4BEA24 /* NumberPadView.swift */; };
/* End PBXBuildFile section */

/* Begin PBXContainerItemProxy section */
		019ECB2C2A634578E1108FE3 /* PBXContainerItemProxy */ = {
			isa = PBXContainerItemProxy;
			containerPortal = 7CC7CD8C34A51306C856F521 /* Project object */;
			proxyType = 1;
			remoteGlobalIDString = D883CD0B3BCB4FDA62D6A9AA;
			remoteInfo = Sudoku;
		};
		413789FB5AC47101897867EC /* PBXContainerItemProxy */ = {
			isa = PBXContainerItemProxy;
			containerPortal = 7CC7CD8C34A51306C856F521 /* Project object */;
			proxyType = 1;
			remoteGlobalIDString = D883CD0B3BCB4FDA62D6A9AA;
			remoteInfo = Sudoku;
		};
/* End PBXContainerItemProxy section */

/* Begin PBXFileReference section */
		0A28959A14E32CB59282036E /* SudokuTests.swift */ = {isa = PBXFileReference; lastKnownFileType = sourcecode.swift; path = SudokuTests.swift; sourceTree = "<group>"; };
		0C8BE7A6682BAD9E51CA25A6 /* Info.plist */ = {isa = PBXFileReference; lastKnownFileType = text.plist; path = Info.plist; sourceTree = "<group>"; };
		1566855F7D8EAA794CA447B0 /* SudokuEngineFFI.h */ = {isa = PBXFileReference; lastKnownFileType = sourcecode.c.h; path = SudokuEngineFFI.h; sourceTree = "<group>"; };
		1AC7D55AB62B5A336FC308A8 /* GameHistory.swift */ = {isa = PBXFileReference; lastKnownFileType = sourcecode.swift; path = GameHistory.swift; sourceTree = "<group>"; };
		2154759A451DEA32F598DBF8 /* Sudoku.entitlements */ = {isa = PBXFileReference; lastKnownFileType = text.plist.entitlements; path = Sudoku.entitlements; sourceTree = "<group>"; };
		336003ADD5BA9ED5B4FCBACE /* ContentView.swift */ = {isa = PBXFileReference; lastKnownFileType = sourcecode.swift; path = ContentView.swift; sourceTree = "<group>"; };
		3B899CF657A96412F1220E34 /* PrivacyInfo.xcprivacy */ = {isa = PBXFileReference; path = PrivacyInfo.xcprivacy; sourceTree = "<group>"; };
		3C888EF30EC69E5CCD23F685 /* SudokuEngine.swift */ = {isa = PBXFileReference; lastKnownFileType = sourcecode.swift; path = SudokuEngine.swift; sourceTree = "<group>"; };
		4996D6E89188CCEE2DDA0882 /* StatsView.swift */ = {isa = PBXFileReference; lastKnownFileType = sourcecode.swift; path = StatsView.swift; sourceTree = "<group>"; };
		4E48F51C8F39E07F64BDBCBE /* GameHistoryManager.swift */ = {isa = PBXFileReference; lastKnownFileType = sourcecode.swift; path = GameHistoryManager.swift; sourceTree = "<group>"; };
		556003B084CE300A72D65DBD /* CellView.swift */ = {isa = PBXFileReference; lastKnownFileType = sourcecode.swift; path = CellView.swift; sourceTree = "<group>"; };
		5845121794317A59FF4BEA24 /* NumberPadView.swift */ = {isa = PBXFileReference; lastKnownFileType = sourcecode.swift; path = NumberPadView.swift; sourceTree = "<group>"; };
		5F81857F69ADEC8F76D93DF3 /* SettingsView.swift */ = {isa = PBXFileReference; lastKnownFileType = sourcecode.swift; path = SettingsView.swift; sourceTree = "<group>"; };
		6250D7B32A775F934DF31B82 /* GameHistoryView.swift */ = {isa = PBXFileReference; lastKnownFileType = sourcecode.swift; path = GameHistoryView.swift; sourceTree = "<group>"; };
		6699671B041E2B1C69B1DE3D /* PuzzleCache.swift */ = {isa = PBXFileReference; lastKnownFileType = sourcecode.swift; path = PuzzleCache.swift; sourceTree = "<group>"; };
		6F2C5B087E1AB531087E0C3F /* SudokuUITests.xctest */ = {isa = PBXFileReference; includeInIndex = 0; lastKnownFileType = wrapper.cfbundle; path = SudokuUITests.xctest; sourceTree = BUILT_PRODUCTS_DIR; };
		72D2019C8C304B8C26519CC6 /* ScreenshotTests.swift */ = {isa = PBXFileReference; lastKnownFileType = sourcecode.swift; path = ScreenshotTests.swift; sourceTree = "<group>"; };
		736AF9623BB91E6B9ED3CBD2 /* GameViewModel.swift */ = {isa = PBXFileReference; lastKnownFileType = sourcecode.swift; path = GameViewModel.swift; sourceTree = "<group>"; };
		7C655A4BF5C47359EC66D564 /* GridView.swift */ = {isa = PBXFileReference; lastKnownFileType = sourcecode.swift; path = GridView.swift; sourceTree = "<group>"; };
		89C7EADCED9EFA430F577D76 /* SudokuTests.xctest */ = {isa = PBXFileReference; includeInIndex = 0; lastKnownFileType = wrapper.cfbundle; path = SudokuTests.xctest; sourceTree = BUILT_PRODUCTS_DIR; };
		997BD907DDD5E510FC44939E /* SudokuEngineFFI.modulemap */ = {isa = PBXFileReference; lastKnownFileType = "sourcecode.module-map"; path = SudokuEngineFFI.modulemap; sourceTree = "<group>"; };
		A6F0F7156D2B8BACBBF4F52B /* Info.plist */ = {isa = PBXFileReference; lastKnownFileType = text.plist; path = Info.plist; sourceTree = "<group>"; };
		B10EFCC2D4094740940E40BA /* WinScreenView.swift */ = {isa = PBXFileReference; lastKnownFileType = sourcecode.swift; path = WinScreenView.swift; sourceTree = "<group>"; };
		B778D4F8E525013FE40E3C47 /* GameManager.swift */ = {isa = PBXFileReference; lastKnownFileType = sourcecode.swift; path = GameManager.swift; sourceTree = "<group>"; };
		B78BCAD761AFB4A1F28E0BB3 /* Sudoku.app */ = {isa = PBXFileReference; includeInIndex = 0; lastKnownFileType = wrapper.application; path = Sudoku.app; sourceTree = BUILT_PRODUCTS_DIR; };
		B98B31F0CE963EC1CD01AA8D /* GameView.swift */ = {isa = PBXFileReference; lastKnownFileType = sourcecode.swift; path = GameView.swift; sourceTree = "<group>"; };
		BC9BD24D8389D483E341F48E /* GameModels.swift */ = {isa = PBXFileReference; lastKnownFileType = sourcecode.swift; path = GameModels.swift; sourceTree = "<group>"; };
		D2CCF2001D26F435BD4F437E /* LoseScreenView.swift */ = {isa = PBXFileReference; lastKnownFileType = sourcecode.swift; path = LoseScreenView.swift; sourceTree = "<group>"; };
		D7B70116407782179275FE99 /* GameCenterManager.swift */ = {isa = PBXFileReference; lastKnownFileType = sourcecode.swift; path = GameCenterManager.swift; sourceTree = "<group>"; };
		E2B8111C142D1E948BAC29F9 /* Assets.xcassets */ = {isa = PBXFileReference; lastKnownFileType = folder.assetcatalog; path = Assets.xcassets; sourceTree = "<group>"; };
		FE1F7E4A124E1E6523353A9A /* SudokuApp.swift */ = {isa = PBXFileReference; lastKnownFileType = sourcecode.swift; path = SudokuApp.swift; sourceTree = "<group>"; };
/* End PBXFileReference section */

/* Begin PBXGroup section */
		4C5B88BFAE37D49C4634C780 /* SudokuTests */ = {
			isa = PBXGroup;
			children = (
				0A28959A14E32CB59282036E /* SudokuTests.swift */,
			);
			path = SudokuTests;
			sourceTree = "<group>";
		};
		5C497BA4712B4D4F373A108F /* ViewModels */ = {
			isa = PBXGroup;
			children = (
				736AF9623BB91E6B9ED3CBD2 /* GameViewModel.swift */,
			);
			path = ViewModels;
			sourceTree = "<group>";
		};
		729EBA42B7B5ECA296C24D19 /* Sudoku */ = {
			isa = PBXGroup;
			children = (
				A6F0F7156D2B8BACBBF4F52B /* Info.plist */,
				3B899CF657A96412F1220E34 /* PrivacyInfo.xcprivacy */,
				2154759A451DEA32F598DBF8 /* Sudoku.entitlements */,
				FE1F7E4A124E1E6523353A9A /* SudokuApp.swift */,
				C0796EFEE3D7DB5AE0591E8F /* Extensions */,
				D7AC3FA665D9157224EA9AB3 /* Generated */,
				7CDDE169D18B52660B5FF4EE /* Models */,
				C453D22C6AAE0DBB2A3C9F09 /* Resources */,
				BD9A6CAE7E477F24E59F5B1F /* Services */,
				5C497BA4712B4D4F373A108F /* ViewModels */,
				FBE647ABB1294D8065900321 /* Views */,
			);
			path = Sudoku;
			sourceTree = "<group>";
		};
		7CDDE169D18B52660B5FF4EE /* Models */ = {
			isa = PBXGroup;
			children = (
				1AC7D55AB62B5A336FC308A8 /* GameHistory.swift */,
				BC9BD24D8389D483E341F48E /* GameModels.swift */,
			);
			path = Models;
			sourceTree = "<group>";
		};
		8D82B2D93F9CFA89A0852F03 /* SudokuUITests */ = {
			isa = PBXGroup;
			children = (
				0C8BE7A6682BAD9E51CA25A6 /* Info.plist */,
				72D2019C8C304B8C26519CC6 /* ScreenshotTests.swift */,
			);
			path = SudokuUITests;
			sourceTree = "<group>";
		};
		B861F86D3C267C30E8E5330E /* Products */ = {
			isa = PBXGroup;
			children = (
				B78BCAD761AFB4A1F28E0BB3 /* Sudoku.app */,
				89C7EADCED9EFA430F577D76 /* SudokuTests.xctest */,
				6F2C5B087E1AB531087E0C3F /* SudokuUITests.xctest */,
			);
			name = Products;
			sourceTree = "<group>";
		};
		BD9A6CAE7E477F24E59F5B1F /* Services */ = {
			isa = PBXGroup;
			children = (
				D7B70116407782179275FE99 /* GameCenterManager.swift */,
				4E48F51C8F39E07F64BDBCBE /* GameHistoryManager.swift */,
				B778D4F8E525013FE40E3C47 /* GameManager.swift */,
				6699671B041E2B1C69B1DE3D /* PuzzleCache.swift */,
			);
			path = Services;
			sourceTree = "<group>";
		};
		C0796EFEE3D7DB5AE0591E8F /* Extensions */ = {
			isa = PBXGroup;
			children = (
			);
			path = Extensions;
			sourceTree = "<group>";
		};
		C453D22C6AAE0DBB2A3C9F09 /* Resources */ = {
			isa = PBXGroup;
			children = (
				E2B8111C142D1E948BAC29F9 /* Assets.xcassets */,
			);
			path = Resources;
			sourceTree = "<group>";
		};
		D7AC3FA665D9157224EA9AB3 /* Generated */ = {
			isa = PBXGroup;
			children = (
				3C888EF30EC69E5CCD23F685 /* SudokuEngine.swift */,
				1566855F7D8EAA794CA447B0 /* SudokuEngineFFI.h */,
				997BD907DDD5E510FC44939E /* SudokuEngineFFI.modulemap */,
			);
			path = Generated;
			sourceTree = "<group>";
		};
		FBE647ABB1294D8065900321 /* Views */ = {
			isa = PBXGroup;
			children = (
				556003B084CE300A72D65DBD /* CellView.swift */,
				336003ADD5BA9ED5B4FCBACE /* ContentView.swift */,
				6250D7B32A775F934DF31B82 /* GameHistoryView.swift */,
				B98B31F0CE963EC1CD01AA8D /* GameView.swift */,
				7C655A4BF5C47359EC66D564 /* GridView.swift */,
				D2CCF2001D26F435BD4F437E /* LoseScreenView.swift */,
				5845121794317A59FF4BEA24 /* NumberPadView.swift */,
				5F81857F69ADEC8F76D93DF3 /* SettingsView.swift */,
				4996D6E89188CCEE2DDA0882 /* StatsView.swift */,
				B10EFCC2D4094740940E40BA /* WinScreenView.swift */,
			);
			path = Views;
			sourceTree = "<group>";
		};
		FDE22278D8E9297EE6AF1666 = {
			isa = PBXGroup;
			children = (
				729EBA42B7B5ECA296C24D19 /* Sudoku */,
				4C5B88BFAE37D49C4634C780 /* SudokuTests */,
				8D82B2D93F9CFA89A0852F03 /* SudokuUITests */,
				B861F86D3C267C30E8E5330E /* Products */,
			);
			sourceTree = "<group>";
		};
/* End PBXGroup section */

/* Begin PBXNativeTarget section */
		3E3B4781D21E07891A312CFF /* SudokuTests */ = {
			isa = PBXNativeTarget;
			buildConfigurationList = 60175C8E29475B5EED012D0C /* Build configuration list for PBXNativeTarget "SudokuTests" */;
			buildPhases = (
				0898C7FF1A139EC8B98A75C3 /* Sources */,
			);
			buildRules = (
			);
			dependencies = (
				2752B4A4AFB388F1A27FD748 /* PBXTargetDependency */,
			);
			name = SudokuTests;
			packageProductDependencies = (
			);
			productName = SudokuTests;
			productReference = 89C7EADCED9EFA430F577D76 /* SudokuTests.xctest */;
			productType = "com.apple.product-type.bundle.unit-test";
		};
		D883CD0B3BCB4FDA62D6A9AA /* Sudoku */ = {
			isa = PBXNativeTarget;
			buildConfigurationList = E1D59B2ED5D929B06F34C84C /* Build configuration list for PBXNativeTarget "Sudoku" */;
			buildPhases = (
				E81BD8C77CE17371E6514933 /* Sources */,
				F0116E91BAAC162BE08DB81B /* Resources */,
			);
			buildRules = (
			);
			dependencies = (
			);
			name = Sudoku;
			packageProductDependencies = (
			);
			productName = Sudoku;
			productReference = B78BCAD761AFB4A1F28E0BB3 /* Sudoku.app */;
			productType = "com.apple.product-type.application";
		};
		EDBA0FA43031CD6B0CAC2089 /* SudokuUITests */ = {
			isa = PBXNativeTarget;
			buildConfigurationList = 1CEF0163D09CFF6E579D5BC3 /* Build configuration list for PBXNativeTarget "SudokuUITests" */;
			buildPhases = (
				B817E2FB6EAE371BA29F28F0 /* Sources */,
			);
			buildRules = (
			);
			dependencies = (
				37A22FE3655DB766A5D377FC /* PBXTargetDependency */,
			);
			name = SudokuUITests;
			packageProductDependencies = (
			);
			productName = SudokuUITests;
			productReference = 6F2C5B087E1AB531087E0C3F /* SudokuUITests.xctest */;
			productType = "com.apple.product-type.bundle.ui-testing";
		};
/* End PBXNativeTarget section */

/* Begin PBXProject section */
		7CC7CD8C34A51306C856F521 /* Project object */ = {
			isa = PBXProject;
			attributes = {
				BuildIndependentTargetsInParallel = YES;
				LastUpgradeCheck = 1500;
				TargetAttributes = {
					3E3B4781D21E07891A312CFF = {
						DevelopmentTeam = "";
						ProvisioningStyle = Automatic;
					};
					D883CD0B3BCB4FDA62D6A9AA = {
						DevelopmentTeam = "";
						ProvisioningStyle = Automatic;
					};
					EDBA0FA43031CD6B0CAC2089 = {
						DevelopmentTeam = "";
						ProvisioningStyle = Automatic;
						TestTargetID = D883CD0B3BCB4FDA62D6A9AA;
					};
				};
			};
			buildConfigurationList = 62160A1C4A2C0A8F2D363A09 /* Build configuration list for PBXProject "Sudoku" */;
			compatibilityVersion = "Xcode 14.0";
			developmentRegion = en;
			hasScannedForEncodings = 0;
			knownRegions = (
				Base,
				en,
			);
			mainGroup = FDE22278D8E9297EE6AF1666;
			minimizedProjectReferenceProxies = 1;
			preferredProjectObjectVersion = 77;
			projectDirPath = "";
			projectRoot = "";
			targets = (
				D883CD0B3BCB4FDA62D6A9AA /* Sudoku */,
				3E3B4781D21E07891A312CFF /* SudokuTests */,
				EDBA0FA43031CD6B0CAC2089 /* SudokuUITests */,
			);
		};
/* End PBXProject section */

/* Begin PBXResourcesBuildPhase section */
		F0116E91BAAC162BE08DB81B /* Resources */ = {
			isa = PBXResourcesBuildPhase;
			buildActionMask = 2147483647;
			files = (
				20BF373D007D303C7EBB7BE7 /* Assets.xcassets in Resources */,
				AB97975A72144224CD906808 /* PrivacyInfo.xcprivacy in Resources */,
			);
			runOnlyForDeploymentPostprocessing = 0;
		};
/* End PBXResourcesBuildPhase section */

/* Begin PBXSourcesBuildPhase section */
		0898C7FF1A139EC8B98A75C3 /* Sources */ = {
			isa = PBXSourcesBuildPhase;
			buildActionMask = 2147483647;
			files = (
				5CBC1342779C18CFFAFE10CE /* SudokuTests.swift in Sources */,
			);
			runOnlyForDeploymentPostprocessing = 0;
		};
		B817E2FB6EAE371BA29F28F0 /* Sources */ = {
			isa = PBXSourcesBuildPhase;
			buildActionMask = 2147483647;
			files = (
				9AD301DFD06C2A485D1E3FB2 /* ScreenshotTests.swift in Sources */,
			);
			runOnlyForDeploymentPostprocessing = 0;
		};
		E81BD8C77CE17371E6514933 /* Sources */ = {
			isa = PBXSourcesBuildPhase;
			buildActionMask = 2147483647;
			files = (
				A626DCB6ED68AED72A8CC9A3 /* CellView.swift in Sources */,
				2016B849A2DCBB7187F84DB8 /* ContentView.swift in Sources */,
				1CEA4AD0F539A8F46F815EAC /* GameCenterManager.swift in Sources */,
				EE711ADDBB80B24E8C434E8F /* GameHistory.swift in Sources */,
				4CECE306A043227CB3C8D756 /* GameHistoryManager.swift in Sources */,
				24C83EF57C69F2E8557BD8C7 /* GameHistoryView.swift in Sources */,
				FF049CC7B162486907B6338F /* GameManager.swift in Sources */,
				8F58F1844AF9B1EC4DF04668 /* GameModels.swift in Sources */,
				5474199DD268AB4DF3A6D1A6 /* GameView.swift in Sources */,
				B99C366A95303857F1451367 /* GameViewModel.swift in Sources */,
				2C6528C1F6B245F937841280 /* GridView.swift in Sources */,
				089359C4D2B805E077C674C7 /* LoseScreenView.swift in Sources */,
				FFDAC89D9AE5F86EA0F1B996 /* NumberPadView.swift in Sources */,
				E3D566CB81AA0EC9502D4FAA /* PuzzleCache.swift in Sources */,
				9C35A44E74CBB456859B96EB /* SettingsView.swift in Sources */,
				8B6258CC4DD4621086F43E90 /* StatsView.swift in Sources */,
				B463F4C229827901EA86A192 /* SudokuApp.swift in Sources */,
				1726143491F7B599683DFCD8 /* SudokuEngine.swift in Sources */,
				0A0FA9214358FB0851D69424 /* WinScreenView.swift in Sources */,
			);
			runOnlyForDeploymentPostprocessing = 0;
		};
/* End PBXSourcesBuildPhase section */

/* Begin PBXTargetDependency section */
		2752B4A4AFB388F1A27FD748 /* PBXTargetDependency */ = {
			isa = PBXTargetDependency;
			target = D883CD0B3BCB4FDA62D6A9AA /* Sudoku */;
			targetProxy = 019ECB2C2A634578E1108FE3 /* PBXContainerItemProxy */;
		};
		37A22FE3655DB766A5D377FC /* PBXTargetDependency */ = {
			isa = PBXTargetDependency;
			target = D883CD0B3BCB4FDA62D6A9AA /* Sudoku */;
			targetProxy = 413789FB5AC47101897867EC /* PBXContainerItemProxy */;
		};
/* End PBXTargetDependency section */

/* Begin XCBuildConfiguration section */
		08F1BC931B98770240B96B36 /* Release */ = {
			isa = XCBuildConfiguration;
			buildSettings = {
				BUNDLE_LOADER = "$(TEST_HOST)";
				LD_RUNPATH_SEARCH_PATHS = (
					"$(inherited)",
					"@executable_path/Frameworks",
					"@loader_path/Frameworks",
				);
				PRODUCT_BUNDLE_IDENTIFIER = com.ukodus.app.tests;
				SDKROOT = iphoneos;
				TARGETED_DEVICE_FAMILY = "1,2";
				TEST_HOST = "$(BUILT_PRODUCTS_DIR)/Sudoku.app/Sudoku";
			};
			name = Release;
		};
		2620CE84A5C25D6CE82D582F /* Release */ = {
			isa = XCBuildConfiguration;
			buildSettings = {
				BUNDLE_LOADER = "$(TEST_HOST)";
				INFOPLIST_FILE = SudokuUITests/Info.plist;
				LD_RUNPATH_SEARCH_PATHS = (
					"$(inherited)",
					"@executable_path/Frameworks",
					"@loader_path/Frameworks",
				);
				PRODUCT_BUNDLE_IDENTIFIER = com.ukodus.app.uitests;
				SDKROOT = iphoneos;
				TARGETED_DEVICE_FAMILY = "1,2";
				TEST_TARGET_NAME = Sudoku;
			};
			name = Release;
		};
		464691F56442E3F77582B074 /* Debug */ = {
			isa = XCBuildConfiguration;
			buildSettings = {
				ASSETCATALOG_COMPILER_APPICON_NAME = AppIcon;
				CODE_SIGN_ENTITLEMENTS = Sudoku/Sudoku.entitlements;
				CODE_SIGN_IDENTITY = "iPhone Developer";
				HEADER_SEARCH_PATHS = (
					"$(inherited)",
					"$(PROJECT_DIR)/../Frameworks",
				);
				INFOPLIST_FILE = Sudoku/Info.plist;
				IPHONEOS_DEPLOYMENT_TARGET = 16.0;
				LD_RUNPATH_SEARCH_PATHS = (
					"$(inherited)",
					"@executable_path/Frameworks",
				);
				LIBRARY_SEARCH_PATHS = (
					"$(inherited)",
					"$(PROJECT_DIR)/../Frameworks",
				);
				OTHER_LDFLAGS = (
					"-lsudoku_ffi_sim",
				);
				PRODUCT_BUNDLE_IDENTIFIER = com.ukodus.app;
				SDKROOT = iphoneos;
				SUPPORTS_MAC_DESIGNED_FOR_IPHONE_IPAD = YES;
				SWIFT_INCLUDE_PATHS = (
					"$(PROJECT_DIR)/../Frameworks",
				);
				TARGETED_DEVICE_FAMILY = "1,2";
			};
			name = Debug;
		};
		53F4B59EB9A1BAE9D7D56D00 /* Debug */ = {
			isa = XCBuildConfiguration;
			buildSettings = {
				BUNDLE_LOADER = "$(TEST_HOST)";
				LD_RUNPATH_SEARCH_PATHS = (
					"$(inherited)",
					"@executable_path/Frameworks",
					"@loader_path/Frameworks",
				);
				PRODUCT_BUNDLE_IDENTIFIER = com.ukodus.app.tests;
				SDKROOT = iphoneos;
				TARGETED_DEVICE_FAMILY = "1,2";
				TEST_HOST = "$(BUILT_PRODUCTS_DIR)/Sudoku.app/Sudoku";
			};
			name = Debug;
		};
		816B610D6A42BB63E9F8DC9C /* Debug */ = {
			isa = XCBuildConfiguration;
			buildSettings = {
				BUNDLE_LOADER = "$(TEST_HOST)";
				INFOPLIST_FILE = SudokuUITests/Info.plist;
				LD_RUNPATH_SEARCH_PATHS = (
					"$(inherited)",
					"@executable_path/Frameworks",
					"@loader_path/Frameworks",
				);
				PRODUCT_BUNDLE_IDENTIFIER = com.ukodus.app.uitests;
				SDKROOT = iphoneos;
				TARGETED_DEVICE_FAMILY = "1,2";
				TEST_TARGET_NAME = Sudoku;
			};
			name = Debug;
		};
		CF94044D3AD9F1F6279AFE3A /* Release */ = {
			isa = XCBuildConfiguration;
			buildSettings = {
				ASSETCATALOG_COMPILER_APPICON_NAME = AppIcon;
				CODE_SIGN_ENTITLEMENTS = Sudoku/Sudoku.entitlements;
				CODE_SIGN_IDENTITY = "iPhone Developer";
				HEADER_SEARCH_PATHS = (
					"$(inherited)",
					"$(PROJECT_DIR)/../Frameworks",
				);
				INFOPLIST_FILE = Sudoku/Info.plist;
				IPHONEOS_DEPLOYMENT_TARGET = 16.0;
				LD_RUNPATH_SEARCH_PATHS = (
					"$(inherited)",
					"@executable_path/Frameworks",
				);
				LIBRARY_SEARCH_PATHS = (
					"$(inherited)",
					"$(PROJECT_DIR)/../Frameworks",
				);
				OTHER_LDFLAGS = (
					"-lsudoku_ffi_device",
				);
				PRODUCT_BUNDLE_IDENTIFIER = com.ukodus.app;
				SDKROOT = iphoneos;
				SUPPORTS_MAC_DESIGNED_FOR_IPHONE_IPAD = YES;
				SWIFT_INCLUDE_PATHS = (
					"$(PROJECT_DIR)/../Frameworks",
				);
				TARGETED_DEVICE_FAMILY = "1,2";
			};
			name = Release;
		};
		DAF70D874C7A41543AA4217D /* Debug */ = {
			isa = XCBuildConfiguration;
			buildSettings = {
				ALWAYS_SEARCH_USER_PATHS = NO;
				CLANG_ANALYZER_NONNULL = YES;
				CLANG_ANALYZER_NUMBER_OBJECT_CONVERSION = YES_AGGRESSIVE;
				CLANG_CXX_LANGUAGE_STANDARD = "gnu++14";
				CLANG_CXX_LIBRARY = "libc++";
				CLANG_ENABLE_MODULES = YES;
				CLANG_ENABLE_OBJC_ARC = YES;
				CLANG_ENABLE_OBJC_WEAK = YES;
				CLANG_WARN_BLOCK_CAPTURE_AUTORELEASING = YES;
				CLANG_WARN_BOOL_CONVERSION = YES;
				CLANG_WARN_COMMA = YES;
				CLANG_WARN_CONSTANT_CONVERSION = YES;
				CLANG_WARN_DEPRECATED_OBJC_IMPLEMENTATIONS = YES;
				CLANG_WARN_DIRECT_OBJC_ISA_USAGE = YES_ERROR;
				CLANG_WARN_DOCUMENTATION_COMMENTS = YES;
				CLANG_WARN_EMPTY_BODY = YES;
				CLANG_WARN_ENUM_CONVERSION = YES;
				CLANG_WARN_INFINITE_RECURSION = YES;
				CLANG_WARN_INT_CONVERSION = YES;
				CLANG_WARN_NON_LITERAL_NULL_CONVERSION = YES;
				CLANG_WARN_OBJC_IMPLICIT_RETAIN_SELF = YES;
				CLANG_WARN_OBJC_LITERAL_CONVERSION = YES;
				CLANG_WARN_OBJC_ROOT_CLASS = YES_ERROR;
				CLANG_WARN_QUOTED_INCLUDE_IN_FRAMEWORK_HEADER = YES;
				CLANG_WARN_RANGE_LOOP_ANALYSIS = YES;
				CLANG_WARN_STRICT_PROTOTYPES = YES;
				CLANG_WARN_SUSPICIOUS_MOVE = YES;
				CLANG_WARN_UNGUARDED_AVAILABILITY = YES_AGGRESSIVE;
				CLANG_WARN_UNREACHABLE_CODE = YES;
				CLANG_WARN__DUPLICATE_METHOD_MATCH = YES;
				CODE_SIGN_STYLE = Automatic;
				COPY_PHASE_STRIP = NO;
				CURRENT_PROJECT_VERSION = 1;
				DEBUG_INFORMATION_FORMAT = dwarf;
				DEVELOPMENT_TEAM = "";
				ENABLE_STRICT_OBJC_MSGSEND = YES;
				ENABLE_TESTABILITY = YES;
				GCC_C_LANGUAGE_STANDARD = gnu11;
				GCC_DYNAMIC_NO_PIC = NO;
				GCC_NO_COMMON_BLOCKS = YES;
				GCC_OPTIMIZATION_LEVEL = 0;
				GCC_PREPROCESSOR_DEFINITIONS = (
					"$(inherited)",
					"DEBUG=1",
				);
				GCC_WARN_64_TO_32_BIT_CONVERSION = YES;
				GCC_WARN_ABOUT_RETURN_TYPE = YES_ERROR;
				GCC_WARN_UNDECLARED_SELECTOR = YES;
				GCC_WARN_UNINITIALIZED_AUTOS = YES_AGGRESSIVE;
				GCC_WARN_UNUSED_FUNCTION = YES;
				GCC_WARN_UNUSED_VARIABLE = YES;
				IPHONEOS_DEPLOYMENT_TARGET = 16.0;
				MARKETING_VERSION = 1.0.1;
				MTL_ENABLE_DEBUG_INFO = INCLUDE_SOURCE;
				MTL_FAST_MATH = YES;
				ONLY_ACTIVE_ARCH = YES;
				PRODUCT_NAME = "$(TARGET_NAME)";
				SDKROOT = iphoneos;
				SWIFT_ACTIVE_COMPILATION_CONDITIONS = DEBUG;
				SWIFT_OPTIMIZATION_LEVEL = "-Onone";
				SWIFT_VERSION = 5.9;
			};
			name = Debug;
		};
		EF113CB3357D8B4E6AEACCFC /* Release */ = {
			isa = XCBuildConfiguration;
			buildSettings = {
				ALWAYS_SEARCH_USER_PATHS = NO;
				CLANG_ANALYZER_NONNULL = YES;
				CLANG_ANALYZER_NUMBER_OBJECT_CONVERSION = YES_AGGRESSIVE;
				CLANG_CXX_LANGUAGE_STANDARD = "gnu++14";
				CLANG_CXX_LIBRARY = "libc++";
				CLANG_ENABLE_MODULES = YES;
				CLANG_ENABLE_OBJC_ARC = YES;
				CLANG_ENABLE_OBJC_WEAK = YES;
				CLANG_WARN_BLOCK_CAPTURE_AUTORELEASING = YES;
				CLANG_WARN_BOOL_CONVERSION = YES;
				CLANG_WARN_COMMA = YES;
				CLANG_WARN_CONSTANT_CONVERSION = YES;
				CLANG_WARN_DEPRECATED_OBJC_IMPLEMENTATIONS = YES;
				CLANG_WARN_DIRECT_OBJC_ISA_USAGE = YES_ERROR;
				CLANG_WARN_DOCUMENTATION_COMMENTS = YES;
				CLANG_WARN_EMPTY_BODY = YES;
				CLANG_WARN_ENUM_CONVERSION = YES;
				CLANG_WARN_INFINITE_RECURSION = YES;
				CLANG_WARN_INT_CONVERSION = YES;
				CLANG_WARN_NON_LITERAL_NULL_CONVERSION = YES;
				CLANG_WARN_OBJC_IMPLICIT_RETAIN_SELF = YES;
				CLANG_WARN_OBJC_LITERAL_CONVERSION = YES;
				CLANG_WARN_OBJC_ROOT_CLASS = YES_ERROR;
				CLANG_WARN_QUOTED_INCLUDE_IN_FRAMEWORK_HEADER = YES;
				CLANG_WARN_RANGE_LOOP_ANALYSIS = YES;
				CLANG_WARN_STRICT_PROTOTYPES = YES;
				CLANG_WARN_SUSPICIOUS_MOVE = YES;
				CLANG_WARN_UNGUARDED_AVAILABILITY = YES_AGGRESSIVE;
				CLANG_WARN_UNREACHABLE_CODE = YES;
				CLANG_WARN__DUPLICATE_METHOD_MATCH = YES;
				CODE_SIGN_STYLE = Automatic;
				COPY_PHASE_STRIP = NO;
				CURRENT_PROJECT_VERSION = 1;
				DEBUG_INFORMATION_FORMAT = "dwarf-with-dsym";
				DEVELOPMENT_TEAM = "";
				ENABLE_NS_ASSERTIONS = NO;
				ENABLE_STRICT_OBJC_MSGSEND = YES;
				GCC_C_LANGUAGE_STANDARD = gnu11;
				GCC_NO_COMMON_BLOCKS = YES;
				GCC_WARN_64_TO_32_BIT_CONVERSION = YES;
				GCC_WARN_ABOUT_RETURN_TYPE = YES_ERROR;
				GCC_WARN_UNDECLARED_SELECTOR = YES;
				GCC_WARN_UNINITIALIZED_AUTOS = YES_AGGRESSIVE;
				GCC_WARN_UNUSED_FUNCTION = YES;
				GCC_WARN_UNUSED_VARIABLE = YES;
				IPHONEOS_DEPLOYMENT_TARGET = 16.0;
				MARKETING_VERSION = 1.0.1;
				MTL_ENABLE_DEBUG_INFO = NO;
				MTL_FAST_MATH = YES;
				PRODUCT_NAME = "$(TARGET_NAME)";
				SDKROOT = iphoneos;
				SWIFT_COMPILATION_MODE = wholemodule;
				SWIFT_OPTIMIZATION_LEVEL = "-O";
				SWIFT_VERSION = 5.9;
			};
			name = Release;
		};
/* End XCBuildConfiguration section */

/* Begin XCConfigurationList section */
		1CEF0163D09CFF6E579D5BC3 /* Build configuration list for PBXNativeTarget "SudokuUITests" */ = {
			isa = XCConfigurationList;
			buildConfigurations = (
				816B610D6A42BB63E9F8DC9C /* Debug */,
				2620CE84A5C25D6CE82D582F /* Release */,
			);
			defaultConfigurationIsVisible = 0;
			defaultConfigurationName = Debug;
		};
		60175C8E29475B5EED012D0C /* Build configuration list for PBXNativeTarget "SudokuTests" */ = {
			isa = XCConfigurationList;
			buildConfigurations = (
				53F4B59EB9A1BAE9D7D56D00 /* Debug */,
				08F1BC931B98770240B96B36 /* Release */,
			);
			defaultConfigurationIsVisible = 0;
			defaultConfigurationName = Debug;
		};
		62160A1C4A2C0A8F2D363A09 /* Build configuration list for PBXProject "Sudoku" */ = {
			isa = XCConfigurationList;
			buildConfigurations = (
				DAF70D874C7A41543AA4217D /* Debug */,
				EF113CB3357D8B4E6AEACCFC /* Release */,
			);
			defaultConfigurationIsVisible = 0;
			defaultConfigurationName = Debug;
		};
		E1D59B2ED5D929B06F34C84C /* Build configuration list for PBXNativeTarget "Sudoku" */ = {
			isa = XCConfigurationList;
			buildConfigurations = (
				464691F56442E3F77582B074 /* Debug */,
				CF94044D3AD9F1F6279AFE3A /* Release */,
			);
			defaultConfigurationIsVisible = 0;
			defaultConfigurationName = Debug;
		};
/* End XCConfigurationList section */
	};
	rootObject = 7CC7CD8C34A51306C856F521 /* Project object */;
}
